
Microsoft Visual Studio Solution File, Format Version 12.00
# Visual Studio Version 17
VisualStudioVersion = 17.13.35931.197
MinimumVisualStudioVersion = 10.0.40219.1
Project("{FAE04EC0-301F-11D3-BF4B-00C04F79EFBC}") = "Yapily.Client", "Yapily.Client\Yapily.Client.csproj", "{8F075350-8F0D-4573-98FE-15A9C988092A}"
EndProject
Project("{FAE04EC0-301F-11D3-BF4B-00C04F79EFBC}") = "Yapily.Core.SDK", "Yapily.Core.SDK\Yapily.Core.SDK.csproj", "{55F653D4-600B-457D-80EA-C93A4393550E}"
EndProject
Project("{FAE04EC0-301F-11D3-BF4B-00C04F79EFBC}") = "Yapily.BO", "Yapily.BO\Yapily.BO.csproj", "{489B39F6-ABAE-4BEC-B773-441469C4CD90}"
EndProject
Global
	GlobalSection(SolutionConfigurationPlatforms) = preSolution
		Debug|Any CPU = Debug|Any CPU
		Release|Any CPU = Release|Any CPU
	EndGlobalSection
	GlobalSection(ProjectConfigurationPlatforms) = postSolution
		{8F075350-8F0D-4573-98FE-15A9C988092A}.Debug|Any CPU.ActiveCfg = Debug|Any CPU
		{8F075350-8F0D-4573-98FE-15A9C988092A}.Debug|Any CPU.Build.0 = Debug|Any CPU
		{8F075350-8F0D-4573-98FE-15A9C988092A}.Release|Any CPU.ActiveCfg = Release|Any CPU
		{8F075350-8F0D-4573-98FE-15A9C988092A}.Release|Any CPU.Build.0 = Release|Any CPU
		{55F653D4-600B-457D-80EA-C93A4393550E}.Debug|Any CPU.ActiveCfg = Debug|Any CPU
		{55F653D4-600B-457D-80EA-C93A4393550E}.Debug|Any CPU.Build.0 = Debug|Any CPU
		{55F653D4-600B-457D-80EA-C93A4393550E}.Release|Any CPU.ActiveCfg = Release|Any CPU
		{55F653D4-600B-457D-80EA-C93A4393550E}.Release|Any CPU.Build.0 = Release|Any CPU
		{489B39F6-ABAE-4BEC-B773-441469C4CD90}.Debug|Any CPU.ActiveCfg = Debug|Any CPU
		{489B39F6-ABAE-4BEC-B773-441469C4CD90}.Debug|Any CPU.Build.0 = Debug|Any CPU
		{489B39F6-ABAE-4BEC-B773-441469C4CD90}.Release|Any CPU.ActiveCfg = Release|Any CPU
		{489B39F6-ABAE-4BEC-B773-441469C4CD90}.Release|Any CPU.Build.0 = Release|Any CPU
	EndGlobalSection
	GlobalSection(SolutionProperties) = preSolution
		HideSolutionNode = FALSE
	EndGlobalSection
	GlobalSection(ExtensibilityGlobals) = postSolution
		SolutionGuid = {2A88CBE4-4D1A-4B74-B3C9-09F4B72D9354}
	EndGlobalSection
EndGlobal
